
Microsoft Visual Studio Solution File, Format Version 12.00
# Visual Studio Version 16
VisualStudioVersion = 16.0.29209.152
MinimumVisualStudioVersion = 10.0.40219.1
Project("{2150E333-8FDC-42A3-9474-1A3956D46DE8}") = "CharityService", "CharityService", "{25E9436A-6425-4690-8D20-C5A2181D1368}"
EndProject
Project("{9A19103F-16F7-4668-BE54-9A1E7A4F7556}") = "Donate.CharityService.API", "CharityService\Donate.CharityService.API\Donate.CharityService.API.csproj", "{6934C665-1C16-4BA9-BB07-492D81D7E617}"
EndProject
Project("{2150E333-8FDC-42A3-9474-1A3956D46DE8}") = "Framework", "Framework", "{7AFAFABC-E40D-4A9A-A62F-D617D3AE2BD7}"
EndProject
Project("{2150E333-8FDC-42A3-9474-1A3956D46DE8}") = "Queues", "Queues", "{F98955AC-D4AA-4D36-A7E6-F50916E2B22A}"
EndProject
Project("{2150E333-8FDC-42A3-9474-1A3956D46DE8}") = "Data", "Data", "{960D6A3A-72C6-46DE-9D66-BD7950F3E24F}"
EndProject
Project("{2150E333-8FDC-42A3-9474-1A3956D46DE8}") = "Utilities", "Utilities", "{B3673CEB-ED33-4566-8D01-07069C1E597B}"
EndProject
Project("{9A19103F-16F7-4668-BE54-9A1E7A4F7556}") = "Donate.Shared.Data", "Shared\Data\Donate.Shared.Data\Donate.Shared.Data.csproj", "{4B411E57-02AC-48AB-8808-F48C41F6B0FB}"
EndProject
Project("{9A19103F-16F7-4668-BE54-9A1E7A4F7556}") = "Donate.Shared.IntegrationQueue", "Shared\Queues\Donate.Shared.IntegrationQueue\Donate.Shared.IntegrationQueue.csproj", "{E72C91F1-AEB4-46C0-AD5E-9294EEF26B9C}"
EndProject
Project("{9A19103F-16F7-4668-BE54-9A1E7A4F7556}") = "Donate.Shared.QueueListener", "Shared\Queues\Donate.Shared.QueueListener\Donate.Shared.QueueListener.csproj", "{F43EE6BE-8A65-4189-81AE-116864F36143}"
EndProject
Project("{9A19103F-16F7-4668-BE54-9A1E7A4F7556}") = "Donate.Shared.Queues", "Shared\Queues\Donate.Shared.Queues\Donate.Shared.Queues.csproj", "{A42FD517-E839-4439-971A-2283335FA219}"
EndProject
Project("{9A19103F-16F7-4668-BE54-9A1E7A4F7556}") = "Donate.Shared.ResponseQueue", "Shared\Queues\Donate.Shared.ResponseQueue\Donate.Shared.ResponseQueue.csproj", "{E7FE0832-94FD-4C4F-932F-F029419D3064}"
EndProject
Project("{9A19103F-16F7-4668-BE54-9A1E7A4F7556}") = "Donate.Shared.API", "Shared\Utilities\Donate.Shared.API\Donate.Shared.API.csproj", "{A6CDAC03-38ED-4853-861B-0B0B7A18D18B}"
EndProject
Project("{9A19103F-16F7-4668-BE54-9A1E7A4F7556}") = "Donate.Shared.Logging", "Shared\Utilities\Donate.Shared.Logging\Donate.Shared.Logging.csproj", "{8B4B7269-3E1F-427E-8210-C0C84AF83F3B}"
EndProject
Project("{9A19103F-16F7-4668-BE54-9A1E7A4F7556}") = "Donate.Shared.Eventing", "Shared\Utilities\Donate.Shared.Models\Donate.Shared.Eventing.csproj", "{258C1196-2D2D-40EA-9BA0-BBCDFCFFD2BF}"
EndProject
Project("{9A19103F-16F7-4668-BE54-9A1E7A4F7556}") = "Donate.Shared.Utilities", "Shared\Utilities\Donate.Shared.Utilities\Donate.Shared.Utilities.csproj", "{1907E212-84C8-4EB5-A436-3BDD20295A07}"
EndProject
Project("{2150E333-8FDC-42A3-9474-1A3956D46DE8}") = "DonorService", "DonorService", "{8C02CE49-4D34-4695-A69B-9E9E453DDB05}"
EndProject
Project("{2150E333-8FDC-42A3-9474-1A3956D46DE8}") = "Shared", "Shared", "{60DEDE93-FB72-474C-AB37-773C877E4FB9}"
EndProject
Project("{9A19103F-16F7-4668-BE54-9A1E7A4F7556}") = "Donate.DonorService.Data", "DonorService\Shared\Donate.DonorService.Data\Donate.DonorService.Data.csproj", "{5203F56E-B015-4FC8-B06F-063CA3D4505D}"
EndProject
Project("{9A19103F-16F7-4668-BE54-9A1E7A4F7556}") = "Donate.DonorService.API", "DonorService\Donate.DonorService.API\Donate.DonorService.API.csproj", "{C602AA5A-27E3-4423-A4CE-8707185654BB}"
EndProject
Project("{9A19103F-16F7-4668-BE54-9A1E7A4F7556}") = "Donate.DonorService.IntegrationWorker", "DonorService\Donate.DonorService.IntegrationWorker\Donate.DonorService.IntegrationWorker.csproj", "{62CD5A35-2557-4D3B-AA36-9536C5F05FAD}"
EndProject
Project("{2150E333-8FDC-42A3-9474-1A3956D46DE8}") = "FundService", "FundService", "{BE2075A4-C4FA-4C37-849A-30B333C293A2}"
EndProject
Project("{2150E333-8FDC-42A3-9474-1A3956D46DE8}") = "Shared", "Shared", "{7D33755C-9DDF-4CCA-97AC-D8FA50F61953}"
EndProject
Project("{9A19103F-16F7-4668-BE54-9A1E7A4F7556}") = "Donate.FundService.Data", "FundService\Shared\Donate.FundService.Data\Donate.FundService.Data.csproj", "{F0C1ED50-2233-4AF6-99BF-0F4A9852B532}"
EndProject
Project("{9A19103F-16F7-4668-BE54-9A1E7A4F7556}") = "Donate.FundService.API", "FundService\Donate.FundService.API\Donate.FundService.API.csproj", "{CA64B50E-2226-4295-8FFD-840EB5ECF107}"
EndProject
Project("{9A19103F-16F7-4668-BE54-9A1E7A4F7556}") = "Donate.FundService.IntegrationWorker", "FundService\Donate.FundService.IntegrationWorker\Donate.FundService.IntegrationWorker.csproj", "{D4C40A5A-09F9-4FFC-9A03-B8AEFE4CE978}"
EndProject
Project("{9A19103F-16F7-4668-BE54-9A1E7A4F7556}") = "Donate.FundService.TransactionProcessor", "FundService\Donate.FundService.TransactionProcessor\Donate.FundService.TransactionProcessor.csproj", "{4D7ADD43-5E29-4836-BDF8-6B122E10AA31}"
EndProject
Project("{2150E333-8FDC-42A3-9474-1A3956D46DE8}") = "Microservices", "Microservices", "{EB2FEC61-6C66-46BE-B711-86E0480CA717}"
EndProject
Project("{2150E333-8FDC-42A3-9474-1A3956D46DE8}") = "Gateway", "Gateway", "{B61B2D0C-B915-4E2D-B279-A5AFEFD7799A}"
EndProject
Project("{9A19103F-16F7-4668-BE54-9A1E7A4F7556}") = "Donate.Gateway", "Gateway\Donate.Gateway\Donate.Gateway.csproj", "{1A712317-A2A6-43B5-9A55-6B91CB529C49}"
EndProject
Project("{9A19103F-16F7-4668-BE54-9A1E7A4F7556}") = "Donate.FundService.TransactionFeed", "FundService\Donate.FundService.TransactionFeed\Donate.FundService.TransactionFeed.csproj", "{A9A1AB29-0A1A-4F66-92E0-11DEA98791D6}"
EndProject
Global
	GlobalSection(SolutionConfigurationPlatforms) = preSolution
		Debug|Any CPU = Debug|Any CPU
		Release|Any CPU = Release|Any CPU
	EndGlobalSection
	GlobalSection(ProjectConfigurationPlatforms) = postSolution
		{6934C665-1C16-4BA9-BB07-492D81D7E617}.Debug|Any CPU.ActiveCfg = Debug|Any CPU
		{6934C665-1C16-4BA9-BB07-492D81D7E617}.Debug|Any CPU.Build.0 = Debug|Any CPU
		{6934C665-1C16-4BA9-BB07-492D81D7E617}.Release|Any CPU.ActiveCfg = Release|Any CPU
		{6934C665-1C16-4BA9-BB07-492D81D7E617}.Release|Any CPU.Build.0 = Release|Any CPU
		{4B411E57-02AC-48AB-8808-F48C41F6B0FB}.Debug|Any CPU.ActiveCfg = Debug|Any CPU
		{4B411E57-02AC-48AB-8808-F48C41F6B0FB}.Debug|Any CPU.Build.0 = Debug|Any CPU
		{4B411E57-02AC-48AB-8808-F48C41F6B0FB}.Release|Any CPU.ActiveCfg = Release|Any CPU
		{4B411E57-02AC-48AB-8808-F48C41F6B0FB}.Release|Any CPU.Build.0 = Release|Any CPU
		{E72C91F1-AEB4-46C0-AD5E-9294EEF26B9C}.Debug|Any CPU.ActiveCfg = Debug|Any CPU
		{E72C91F1-AEB4-46C0-AD5E-9294EEF26B9C}.Debug|Any CPU.Build.0 = Debug|Any CPU
		{E72C91F1-AEB4-46C0-AD5E-9294EEF26B9C}.Release|Any CPU.ActiveCfg = Release|Any CPU
		{E72C91F1-AEB4-46C0-AD5E-9294EEF26B9C}.Release|Any CPU.Build.0 = Release|Any CPU
		{F43EE6BE-8A65-4189-81AE-116864F36143}.Debug|Any CPU.ActiveCfg = Debug|Any CPU
		{F43EE6BE-8A65-4189-81AE-116864F36143}.Debug|Any CPU.Build.0 = Debug|Any CPU
		{F43EE6BE-8A65-4189-81AE-116864F36143}.Release|Any CPU.ActiveCfg = Release|Any CPU
		{F43EE6BE-8A65-4189-81AE-116864F36143}.Release|Any CPU.Build.0 = Release|Any CPU
		{A42FD517-E839-4439-971A-2283335FA219}.Debug|Any CPU.ActiveCfg = Debug|Any CPU
		{A42FD517-E839-4439-971A-2283335FA219}.Debug|Any CPU.Build.0 = Debug|Any CPU
		{A42FD517-E839-4439-971A-2283335FA219}.Release|Any CPU.ActiveCfg = Release|Any CPU
		{A42FD517-E839-4439-971A-2283335FA219}.Release|Any CPU.Build.0 = Release|Any CPU
		{E7FE0832-94FD-4C4F-932F-F029419D3064}.Debug|Any CPU.ActiveCfg = Debug|Any CPU
		{E7FE0832-94FD-4C4F-932F-F029419D3064}.Debug|Any CPU.Build.0 = Debug|Any CPU
		{E7FE0832-94FD-4C4F-932F-F029419D3064}.Release|Any CPU.ActiveCfg = Release|Any CPU
		{E7FE0832-94FD-4C4F-932F-F029419D3064}.Release|Any CPU.Build.0 = Release|Any CPU
		{A6CDAC03-38ED-4853-861B-0B0B7A18D18B}.Debug|Any CPU.ActiveCfg = Debug|Any CPU
		{A6CDAC03-38ED-4853-861B-0B0B7A18D18B}.Debug|Any CPU.Build.0 = Debug|Any CPU
		{A6CDAC03-38ED-4853-861B-0B0B7A18D18B}.Release|Any CPU.ActiveCfg = Release|Any CPU
		{A6CDAC03-38ED-4853-861B-0B0B7A18D18B}.Release|Any CPU.Build.0 = Release|Any CPU
		{8B4B7269-3E1F-427E-8210-C0C84AF83F3B}.Debug|Any CPU.ActiveCfg = Debug|Any CPU
		{8B4B7269-3E1F-427E-8210-C0C84AF83F3B}.Debug|Any CPU.Build.0 = Debug|Any CPU
		{8B4B7269-3E1F-427E-8210-C0C84AF83F3B}.Release|Any CPU.ActiveCfg = Release|Any CPU
		{8B4B7269-3E1F-427E-8210-C0C84AF83F3B}.Release|Any CPU.Build.0 = Release|Any CPU
		{258C1196-2D2D-40EA-9BA0-BBCDFCFFD2BF}.Debug|Any CPU.ActiveCfg = Debug|Any CPU
		{258C1196-2D2D-40EA-9BA0-BBCDFCFFD2BF}.Debug|Any CPU.Build.0 = Debug|Any CPU
		{258C1196-2D2D-40EA-9BA0-BBCDFCFFD2BF}.Release|Any CPU.ActiveCfg = Release|Any CPU
		{258C1196-2D2D-40EA-9BA0-BBCDFCFFD2BF}.Release|Any CPU.Build.0 = Release|Any CPU
		{1907E212-84C8-4EB5-A436-3BDD20295A07}.Debug|Any CPU.ActiveCfg = Debug|Any CPU
		{1907E212-84C8-4EB5-A436-3BDD20295A07}.Debug|Any CPU.Build.0 = Debug|Any CPU
		{1907E212-84C8-4EB5-A436-3BDD20295A07}.Release|Any CPU.ActiveCfg = Release|Any CPU
		{1907E212-84C8-4EB5-A436-3BDD20295A07}.Release|Any CPU.Build.0 = Release|Any CPU
		{5203F56E-B015-4FC8-B06F-063CA3D4505D}.Debug|Any CPU.ActiveCfg = Debug|Any CPU
		{5203F56E-B015-4FC8-B06F-063CA3D4505D}.Debug|Any CPU.Build.0 = Debug|Any CPU
		{5203F56E-B015-4FC8-B06F-063CA3D4505D}.Release|Any CPU.ActiveCfg = Release|Any CPU
		{5203F56E-B015-4FC8-B06F-063CA3D4505D}.Release|Any CPU.Build.0 = Release|Any CPU
		{C602AA5A-27E3-4423-A4CE-8707185654BB}.Debug|Any CPU.ActiveCfg = Debug|Any CPU
		{C602AA5A-27E3-4423-A4CE-8707185654BB}.Debug|Any CPU.Build.0 = Debug|Any CPU
		{C602AA5A-27E3-4423-A4CE-8707185654BB}.Release|Any CPU.ActiveCfg = Release|Any CPU
		{C602AA5A-27E3-4423-A4CE-8707185654BB}.Release|Any CPU.Build.0 = Release|Any CPU
		{62CD5A35-2557-4D3B-AA36-9536C5F05FAD}.Debug|Any CPU.ActiveCfg = Debug|Any CPU
		{62CD5A35-2557-4D3B-AA36-9536C5F05FAD}.Debug|Any CPU.Build.0 = Debug|Any CPU
		{62CD5A35-2557-4D3B-AA36-9536C5F05FAD}.Release|Any CPU.ActiveCfg = Release|Any CPU
		{62CD5A35-2557-4D3B-AA36-9536C5F05FAD}.Release|Any CPU.Build.0 = Release|Any CPU
		{F0C1ED50-2233-4AF6-99BF-0F4A9852B532}.Debug|Any CPU.ActiveCfg = Debug|Any CPU
		{F0C1ED50-2233-4AF6-99BF-0F4A9852B532}.Debug|Any CPU.Build.0 = Debug|Any CPU
		{F0C1ED50-2233-4AF6-99BF-0F4A9852B532}.Release|Any CPU.ActiveCfg = Release|Any CPU
		{F0C1ED50-2233-4AF6-99BF-0F4A9852B532}.Release|Any CPU.Build.0 = Release|Any CPU
		{CA64B50E-2226-4295-8FFD-840EB5ECF107}.Debug|Any CPU.ActiveCfg = Debug|Any CPU
		{CA64B50E-2226-4295-8FFD-840EB5ECF107}.Debug|Any CPU.Build.0 = Debug|Any CPU
		{CA64B50E-2226-4295-8FFD-840EB5ECF107}.Release|Any CPU.ActiveCfg = Release|Any CPU
		{CA64B50E-2226-4295-8FFD-840EB5ECF107}.Release|Any CPU.Build.0 = Release|Any CPU
		{D4C40A5A-09F9-4FFC-9A03-B8AEFE4CE978}.Debug|Any CPU.ActiveCfg = Debug|Any CPU
		{D4C40A5A-09F9-4FFC-9A03-B8AEFE4CE978}.Debug|Any CPU.Build.0 = Debug|Any CPU
		{D4C40A5A-09F9-4FFC-9A03-B8AEFE4CE978}.Release|Any CPU.ActiveCfg = Release|Any CPU
		{D4C40A5A-09F9-4FFC-9A03-B8AEFE4CE978}.Release|Any CPU.Build.0 = Release|Any CPU
		{4D7ADD43-5E29-4836-BDF8-6B122E10AA31}.Debug|Any CPU.ActiveCfg = Debug|Any CPU
		{4D7ADD43-5E29-4836-BDF8-6B122E10AA31}.Debug|Any CPU.Build.0 = Debug|Any CPU
		{4D7ADD43-5E29-4836-BDF8-6B122E10AA31}.Release|Any CPU.ActiveCfg = Release|Any CPU
		{4D7ADD43-5E29-4836-BDF8-6B122E10AA31}.Release|Any CPU.Build.0 = Release|Any CPU
		{1A712317-A2A6-43B5-9A55-6B91CB529C49}.Debug|Any CPU.ActiveCfg = Debug|Any CPU
		{1A712317-A2A6-43B5-9A55-6B91CB529C49}.Debug|Any CPU.Build.0 = Debug|Any CPU
		{1A712317-A2A6-43B5-9A55-6B91CB529C49}.Release|Any CPU.ActiveCfg = Release|Any CPU
		{1A712317-A2A6-43B5-9A55-6B91CB529C49}.Release|Any CPU.Build.0 = Release|Any CPU
		{A9A1AB29-0A1A-4F66-92E0-11DEA98791D6}.Debug|Any CPU.ActiveCfg = Debug|Any CPU
		{A9A1AB29-0A1A-4F66-92E0-11DEA98791D6}.Debug|Any CPU.Build.0 = Debug|Any CPU
		{A9A1AB29-0A1A-4F66-92E0-11DEA98791D6}.Release|Any CPU.ActiveCfg = Release|Any CPU
		{A9A1AB29-0A1A-4F66-92E0-11DEA98791D6}.Release|Any CPU.Build.0 = Release|Any CPU
	EndGlobalSection
	GlobalSection(SolutionProperties) = preSolution
		HideSolutionNode = FALSE
	EndGlobalSection
	GlobalSection(NestedProjects) = preSolution
		{25E9436A-6425-4690-8D20-C5A2181D1368} = {EB2FEC61-6C66-46BE-B711-86E0480CA717}
		{6934C665-1C16-4BA9-BB07-492D81D7E617} = {25E9436A-6425-4690-8D20-C5A2181D1368}
		{F98955AC-D4AA-4D36-A7E6-F50916E2B22A} = {7AFAFABC-E40D-4A9A-A62F-D617D3AE2BD7}
		{960D6A3A-72C6-46DE-9D66-BD7950F3E24F} = {7AFAFABC-E40D-4A9A-A62F-D617D3AE2BD7}
		{B3673CEB-ED33-4566-8D01-07069C1E597B} = {7AFAFABC-E40D-4A9A-A62F-D617D3AE2BD7}
		{4B411E57-02AC-48AB-8808-F48C41F6B0FB} = {960D6A3A-72C6-46DE-9D66-BD7950F3E24F}
		{E72C91F1-AEB4-46C0-AD5E-9294EEF26B9C} = {F98955AC-D4AA-4D36-A7E6-F50916E2B22A}
		{F43EE6BE-8A65-4189-81AE-116864F36143} = {F98955AC-D4AA-4D36-A7E6-F50916E2B22A}
		{A42FD517-E839-4439-971A-2283335FA219} = {F98955AC-D4AA-4D36-A7E6-F50916E2B22A}
		{E7FE0832-94FD-4C4F-932F-F029419D3064} = {F98955AC-D4AA-4D36-A7E6-F50916E2B22A}
		{A6CDAC03-38ED-4853-861B-0B0B7A18D18B} = {B3673CEB-ED33-4566-8D01-07069C1E597B}
		{8B4B7269-3E1F-427E-8210-C0C84AF83F3B} = {B3673CEB-ED33-4566-8D01-07069C1E597B}
		{258C1196-2D2D-40EA-9BA0-BBCDFCFFD2BF} = {B3673CEB-ED33-4566-8D01-07069C1E597B}
		{1907E212-84C8-4EB5-A436-3BDD20295A07} = {B3673CEB-ED33-4566-8D01-07069C1E597B}
		{8C02CE49-4D34-4695-A69B-9E9E453DDB05} = {EB2FEC61-6C66-46BE-B711-86E0480CA717}
		{60DEDE93-FB72-474C-AB37-773C877E4FB9} = {8C02CE49-4D34-4695-A69B-9E9E453DDB05}
		{5203F56E-B015-4FC8-B06F-063CA3D4505D} = {60DEDE93-FB72-474C-AB37-773C877E4FB9}
		{C602AA5A-27E3-4423-A4CE-8707185654BB} = {8C02CE49-4D34-4695-A69B-9E9E453DDB05}
		{62CD5A35-2557-4D3B-AA36-9536C5F05FAD} = {8C02CE49-4D34-4695-A69B-9E9E453DDB05}
		{BE2075A4-C4FA-4C37-849A-30B333C293A2} = {EB2FEC61-6C66-46BE-B711-86E0480CA717}
		{7D33755C-9DDF-4CCA-97AC-D8FA50F61953} = {BE2075A4-C4FA-4C37-849A-30B333C293A2}
		{F0C1ED50-2233-4AF6-99BF-0F4A9852B532} = {7D33755C-9DDF-4CCA-97AC-D8FA50F61953}
		{CA64B50E-2226-4295-8FFD-840EB5ECF107} = {BE2075A4-C4FA-4C37-849A-30B333C293A2}
		{D4C40A5A-09F9-4FFC-9A03-B8AEFE4CE978} = {BE2075A4-C4FA-4C37-849A-30B333C293A2}
		{4D7ADD43-5E29-4836-BDF8-6B122E10AA31} = {BE2075A4-C4FA-4C37-849A-30B333C293A2}
		{1A712317-A2A6-43B5-9A55-6B91CB529C49} = {B61B2D0C-B915-4E2D-B279-A5AFEFD7799A}
		{A9A1AB29-0A1A-4F66-92E0-11DEA98791D6} = {BE2075A4-C4FA-4C37-849A-30B333C293A2}
	EndGlobalSection
	GlobalSection(ExtensibilityGlobals) = postSolution
		SolutionGuid = {A79BE4F8-A864-47D1-8083-E9FA9369AA41}
	EndGlobalSection
EndGlobal
